// !$*UTF8*$!
{
	archiveVersion = 1;
	classes = {
	};
	objectVersion = 50;
	objects = {

/* Begin PBXBuildFile section */
		CD2B4D2620EBDC8F00978F09 /* AppDelegate.swift in Sources */ = {isa = PBXBuildFile; fileRef = CD2B4D2520EBDC8F00978F09 /* AppDelegate.swift */; };
		CD2B4D2820EBDC8F00978F09 /* MainVC.swift in Sources */ = {isa = PBXBuildFile; fileRef = CD2B4D2720EBDC8F00978F09 /* MainVC.swift */; };
		CD2B4D2B20EBDC8F00978F09 /* Main.storyboard in Resources */ = {isa = PBXBuildFile; fileRef = CD2B4D2920EBDC8F00978F09 /* Main.storyboard */; };
		CD2B4D2D20EBDC9000978F09 /* Assets.xcassets in Resources */ = {isa = PBXBuildFile; fileRef = CD2B4D2C20EBDC9000978F09 /* Assets.xcassets */; };
		CD2B4D3020EBDC9000978F09 /* LaunchScreen.storyboard in Resources */ = {isa = PBXBuildFile; fileRef = CD2B4D2E20EBDC9000978F09 /* LaunchScreen.storyboard */; };
		CD2B4D3B20EBDDF600978F09 /* CurrencyTextField.swift in Sources */ = {isa = PBXBuildFile; fileRef = CD2B4D3A20EBDDF600978F09 /* CurrencyTextField.swift */; };
		CD2B4D4320EBECEF00978F09 /* WindowShopperTests.swift in Sources */ = {isa = PBXBuildFile; fileRef = CD2B4D4220EBECEF00978F09 /* WindowShopperTests.swift */; };
		CD2B4D4B20EBF07D00978F09 /* Wage.swift in Sources */ = {isa = PBXBuildFile; fileRef = CD2B4D4A20EBF07D00978F09 /* Wage.swift */; };
		CD2B4D4C20EBF27100978F09 /* Wage.swift in Sources */ = {isa = PBXBuildFile; fileRef = CD2B4D4A20EBF07D00978F09 /* Wage.swift */; };
/* End PBXBuildFile section */

/* Begin PBXContainerItemProxy section */
		CD2B4D4520EBECEF00978F09 /* PBXContainerItemProxy */ = {
			isa = PBXContainerItemProxy;
			containerPortal = CD2B4D1A20EBDC8E00978F09 /* Project object */;
			proxyType = 1;
			remoteGlobalIDString = CD2B4D2120EBDC8E00978F09;
			remoteInfo = WindowShopper;
		};
/* End PBXContainerItemProxy section */

/* Begin PBXFileReference section */
		CD2B4D2220EBDC8F00978F09 /* WindowShopper.app */ = {isa = PBXFileReference; explicitFileType = wrapper.application; includeInIndex = 0; path = WindowShopper.app; sourceTree = BUILT_PRODUCTS_DIR; };
		CD2B4D2520EBDC8F00978F09 /* AppDelegate.swift */ = {isa = PBXFileReference; lastKnownFileType = sourcecode.swift; path = AppDelegate.swift; sourceTree = "<group>"; };
		CD2B4D2720EBDC8F00978F09 /* MainVC.swift */ = {isa = PBXFileReference; lastKnownFileType = sourcecode.swift; path = MainVC.swift; sourceTree = "<group>"; };
		CD2B4D2A20EBDC8F00978F09 /* Base */ = {isa = PBXFileReference; lastKnownFileType = file.storyboard; name = Base; path = Base.lproj/Main.storyboard; sourceTree = "<group>"; };
		CD2B4D2C20EBDC9000978F09 /* Assets.xcassets */ = {isa = PBXFileReference; lastKnownFileType = folder.assetcatalog; path = Assets.xcassets; sourceTree = "<group>"; };
		CD2B4D2F20EBDC9000978F09 /* Base */ = {isa = PBXFileReference; lastKnownFileType = file.storyboard; name = Base; path = Base.lproj/LaunchScreen.storyboard; sourceTree = "<group>"; };
		CD2B4D3120EBDC9000978F09 /* Info.plist */ = {isa = PBXFileReference; lastKnownFileType = text.plist.xml; path = Info.plist; sourceTree = "<group>"; };
		CD2B4D3A20EBDDF600978F09 /* CurrencyTextField.swift */ = {isa = PBXFileReference; lastKnownFileType = sourcecode.swift; path = CurrencyTextField.swift; sourceTree = "<group>"; };
		CD2B4D4020EBECEE00978F09 /* WindowShopperTests.xctest */ = {isa = PBXFileReference; explicitFileType = wrapper.cfbundle; includeInIndex = 0; path = WindowShopperTests.xctest; sourceTree = BUILT_PRODUCTS_DIR; };
		CD2B4D4220EBECEF00978F09 /* WindowShopperTests.swift */ = {isa = PBXFileReference; lastKnownFileType = sourcecode.swift; path = WindowShopperTests.swift; sourceTree = "<group>"; };
		CD2B4D4420EBECEF00978F09 /* Info.plist */ = {isa = PBXFileReference; lastKnownFileType = text.plist.xml; path = Info.plist; sourceTree = "<group>"; };
		CD2B4D4A20EBF07D00978F09 /* Wage.swift */ = {isa = PBXFileReference; lastKnownFileType = sourcecode.swift; path = Wage.swift; sourceTree = "<group>"; };
/* End PBXFileReference section */

/* Begin PBXFrameworksBuildPhase section */
		CD2B4D1F20EBDC8E00978F09 /* Frameworks */ = {
			isa = PBXFrameworksBuildPhase;
			buildActionMask = 2147483647;
			files = (
			);
			runOnlyForDeploymentPostprocessing = 0;
		};
		CD2B4D3D20EBECEE00978F09 /* Frameworks */ = {
			isa = PBXFrameworksBuildPhase;
			buildActionMask = 2147483647;
			files = (
			);
			runOnlyForDeploymentPostprocessing = 0;
		};
/* End PBXFrameworksBuildPhase section */

/* Begin PBXGroup section */
		CD2B4D1920EBDC8E00978F09 = {
			isa = PBXGroup;
			children = (
				CD2B4D2420EBDC8F00978F09 /* WindowShopper */,
				CD2B4D4120EBECEE00978F09 /* WindowShopperTests */,
				CD2B4D2320EBDC8F00978F09 /* Products */,
			);
			sourceTree = "<group>";
		};
		CD2B4D2320EBDC8F00978F09 /* Products */ = {
			isa = PBXGroup;
			children = (
				CD2B4D2220EBDC8F00978F09 /* WindowShopper.app */,
				CD2B4D4020EBECEE00978F09 /* WindowShopperTests.xctest */,
			);
			name = Products;
			sourceTree = "<group>";
		};
		CD2B4D2420EBDC8F00978F09 /* WindowShopper */ = {
			isa = PBXGroup;
			children = (
				CD2B4D3720EBDCD600978F09 /* Model */,
				CD2B4D3820EBDCDD00978F09 /* View */,
				CD2B4D3920EBDCE300978F09 /* Controller */,
				CD2B4D2520EBDC8F00978F09 /* AppDelegate.swift */,
				CD2B4D2920EBDC8F00978F09 /* Main.storyboard */,
				CD2B4D2C20EBDC9000978F09 /* Assets.xcassets */,
				CD2B4D2E20EBDC9000978F09 /* LaunchScreen.storyboard */,
				CD2B4D3120EBDC9000978F09 /* Info.plist */,
			);
			path = WindowShopper;
			sourceTree = "<group>";
		};
		CD2B4D3720EBDCD600978F09 /* Model */ = {
			isa = PBXGroup;
			children = (
				CD2B4D4A20EBF07D00978F09 /* Wage.swift */,
			);
			path = Model;
			sourceTree = "<group>";
		};
		CD2B4D3820EBDCDD00978F09 /* View */ = {
			isa = PBXGroup;
			children = (
				CD2B4D3A20EBDDF600978F09 /* CurrencyTextField.swift */,
			);
			path = View;
			sourceTree = "<group>";
		};
		CD2B4D3920EBDCE300978F09 /* Controller */ = {
			isa = PBXGroup;
			children = (
				CD2B4D2720EBDC8F00978F09 /* MainVC.swift */,
			);
			path = Controller;
			sourceTree = "<group>";
		};
		CD2B4D4120EBECEE00978F09 /* WindowShopperTests */ = {
			isa = PBXGroup;
			children = (
				CD2B4D4220EBECEF00978F09 /* WindowShopperTests.swift */,
				CD2B4D4420EBECEF00978F09 /* Info.plist */,
			);
			path = WindowShopperTests;
			sourceTree = "<group>";
		};
/* End PBXGroup section */

/* Begin PBXNativeTarget section */
		CD2B4D2120EBDC8E00978F09 /* WindowShopper */ = {
			isa = PBXNativeTarget;
			buildConfigurationList = CD2B4D3420EBDC9000978F09 /* Build configuration list for PBXNativeTarget "WindowShopper" */;
			buildPhases = (
				CD2B4D1E20EBDC8E00978F09 /* Sources */,
				CD2B4D1F20EBDC8E00978F09 /* Frameworks */,
				CD2B4D2020EBDC8E00978F09 /* Resources */,
			);
			buildRules = (
			);
			dependencies = (
			);
			name = WindowShopper;
			productName = WindowShopper;
			productReference = CD2B4D2220EBDC8F00978F09 /* WindowShopper.app */;
			productType = "com.apple.product-type.application";
		};
		CD2B4D3F20EBECEE00978F09 /* WindowShopperTests */ = {
			isa = PBXNativeTarget;
			buildConfigurationList = CD2B4D4720EBECEF00978F09 /* Build configuration list for PBXNativeTarget "WindowShopperTests" */;
			buildPhases = (
				CD2B4D3C20EBECEE00978F09 /* Sources */,
				CD2B4D3D20EBECEE00978F09 /* Frameworks */,
				CD2B4D3E20EBECEE00978F09 /* Resources */,
			);
			buildRules = (
			);
			dependencies = (
				CD2B4D4620EBECEF00978F09 /* PBXTargetDependency */,
			);
			name = WindowShopperTests;
			productName = WindowShopperTests;
			productReference = CD2B4D4020EBECEE00978F09 /* WindowShopperTests.xctest */;
			productType = "com.apple.product-type.bundle.unit-test";
		};
/* End PBXNativeTarget section */

/* Begin PBXProject section */
		CD2B4D1A20EBDC8E00978F09 /* Project object */ = {
			isa = PBXProject;
			attributes = {
				LastSwiftUpdateCheck = 0940;
				LastUpgradeCheck = 0940;
				ORGANIZATIONNAME = UpscaleApps;
				TargetAttributes = {
					CD2B4D2120EBDC8E00978F09 = {
						CreatedOnToolsVersion = 9.4.1;
					};
					CD2B4D3F20EBECEE00978F09 = {
						CreatedOnToolsVersion = 9.4.1;
						TestTargetID = CD2B4D2120EBDC8E00978F09;
					};
				};
			};
			buildConfigurationList = CD2B4D1D20EBDC8E00978F09 /* Build configuration list for PBXProject "WindowShopper" */;
			compatibilityVersion = "Xcode 9.3";
			developmentRegion = en;
			hasScannedForEncodings = 0;
			knownRegions = (
				en,
				Base,
			);
			mainGroup = CD2B4D1920EBDC8E00978F09;
			productRefGroup = CD2B4D2320EBDC8F00978F09 /* Products */;
			projectDirPath = "";
			projectRoot = "";
			targets = (
				CD2B4D2120EBDC8E00978F09 /* WindowShopper */,
				CD2B4D3F20EBECEE00978F09 /* WindowShopperTests */,
			);
		};
/* End PBXProject section */

/* Begin PBXResourcesBuildPhase section */
		CD2B4D2020EBDC8E00978F09 /* Resources */ = {
			isa = PBXResourcesBuildPhase;
			buildActionMask = 2147483647;
			files = (
				CD2B4D3020EBDC9000978F09 /* LaunchScreen.storyboard in Resources */,
				CD2B4D2D20EBDC9000978F09 /* Assets.xcassets in Resources */,
				CD2B4D2B20EBDC8F00978F09 /* Main.storyboard in Resources */,
			);
			runOnlyForDeploymentPostprocessing = 0;
		};
		CD2B4D3E20EBECEE00978F09 /* Resources */ = {
			isa = PBXResourcesBuildPhase;
			buildActionMask = 2147483647;
			files = (
			);
			runOnlyForDeploymentPostprocessing = 0;
		};
/* End PBXResourcesBuildPhase section */

/* Begin PBXSourcesBuildPhase section */
		CD2B4D1E20EBDC8E00978F09 /* Sources */ = {
			isa = PBXSourcesBuildPhase;
			buildActionMask = 2147483647;
			files = (
				CD2B4D3B20EBDDF600978F09 /* CurrencyTextField.swift in Sources */,
				CD2B4D4B20EBF07D00978F09 /* Wage.swift in Sources */,
				CD2B4D2820EBDC8F00978F09 /* MainVC.swift in Sources */,
				CD2B4D2620EBDC8F00978F09 /* AppDelegate.swift in Sources */,
			);
			runOnlyForDeploymentPostprocessing = 0;
		};
		CD2B4D3C20EBECEE00978F09 /* Sources */ = {
			isa = PBXSourcesBuildPhase;
			buildActionMask = 2147483647;
			files = (
				CD2B4D4320EBECEF00978F09 /* WindowShopperTests.swift in Sources */,
				CD2B4D4C20EBF27100978F09 /* Wage.swift in Sources */,
			);
			runOnlyForDeploymentPostprocessing = 0;
		};
/* End PBXSourcesBuildPhase section */

/* Begin PBXTargetDependency section */
		CD2B4D4620EBECEF00978F09 /* PBXTargetDependency */ = {
			isa = PBXTargetDependency;
			target = CD2B4D2120EBDC8E00978F09 /* WindowShopper */;
			targetProxy = CD2B4D4520EBECEF00978F09 /* PBXContainerItemProxy */;
		};
/* End PBXTargetDependency section */

/* Begin PBXVariantGroup section */
		CD2B4D2920EBDC8F00978F09 /* Main.storyboard */ = {
			isa = PBXVariantGroup;
			children = (
				CD2B4D2A20EBDC8F00978F09 /* Base */,
			);
			name = Main.storyboard;
			sourceTree = "<group>";
		};
		CD2B4D2E20EBDC9000978F09 /* LaunchScreen.storyboard */ = {
			isa = PBXVariantGroup;
			children = (
				CD2B4D2F20EBDC9000978F09 /* Base */,
			);
			name = LaunchScreen.storyboard;
			sourceTree = "<group>";
		};
/* End PBXVariantGroup section */

/* Begin XCBuildConfiguration section */
		CD2B4D3220EBDC9000978F09 /* Debug */ = {
			isa = XCBuildConfiguration;
			buildSettings = {
				ALWAYS_SEARCH_USER_PATHS = NO;
				CLANG_ANALYZER_NONNULL = YES;
				CLANG_ANALYZER_NUMBER_OBJECT_CONVERSION = YES_AGGRESSIVE;
				CLANG_CXX_LANGUAGE_STANDARD = "gnu++14";
				CLANG_CXX_LIBRARY = "libc++";
				CLANG_ENABLE_MODULES = YES;
				CLANG_ENABLE_OBJC_ARC = YES;
				CLANG_ENABLE_OBJC_WEAK = YES;
				CLANG_WARN_BLOCK_CAPTURE_AUTORELEASING = YES;
				CLANG_WARN_BOOL_CONVERSION = YES;
				CLANG_WARN_COMMA = YES;
				CLANG_WARN_CONSTANT_CONVERSION = YES;
				CLANG_WARN_DEPRECATED_OBJC_IMPLEMENTATIONS = YES;
				CLANG_WARN_DIRECT_OBJC_ISA_USAGE = YES_ERROR;
				CLANG_WARN_DOCUMENTATION_COMMENTS = YES;
				CLANG_WARN_EMPTY_BODY = YES;
				CLANG_WARN_ENUM_CONVERSION = YES;
				CLANG_WARN_INFINITE_RECURSION = YES;
				CLANG_WARN_INT_CONVERSION = YES;
				CLANG_WARN_NON_LITERAL_NULL_CONVERSION = YES;
				CLANG_WARN_OBJC_IMPLICIT_RETAIN_SELF = YES;
				CLANG_WARN_OBJC_LITERAL_CONVERSION = YES;
				CLANG_WARN_OBJC_ROOT_CLASS = YES_ERROR;
				CLANG_WARN_RANGE_LOOP_ANALYSIS = YES;
				CLANG_WARN_STRICT_PROTOTYPES = YES;
				CLANG_WARN_SUSPICIOUS_MOVE = YES;
				CLANG_WARN_UNGUARDED_AVAILABILITY = YES_AGGRESSIVE;
				CLANG_WARN_UNREACHABLE_CODE = YES;
				CLANG_WARN__DUPLICATE_METHOD_MATCH = YES;
				CODE_SIGN_IDENTITY = "iPhone Developer";
				COPY_PHASE_STRIP = NO;
				DEBUG_INFORMATION_FORMAT = dwarf;
				ENABLE_STRICT_OBJC_MSGSEND = YES;
				ENABLE_TESTABILITY = YES;
				GCC_C_LANGUAGE_STANDARD = gnu11;
				GCC_DYNAMIC_NO_PIC = NO;
				GCC_NO_COMMON_BLOCKS = YES;
				GCC_OPTIMIZATION_LEVEL = 0;
				GCC_PREPROCESSOR_DEFINITIONS = (
					"DEBUG=1",
					"$(inherited)",
				);
				GCC_WARN_64_TO_32_BIT_CONVERSION = YES;
				GCC_WARN_ABOUT_RETURN_TYPE = YES_ERROR;
				GCC_WARN_UNDECLARED_SELECTOR = YES;
				GCC_WARN_UNINITIALIZED_AUTOS = YES_AGGRESSIVE;
				GCC_WARN_UNUSED_FUNCTION = YES;
				GCC_WARN_UNUSED_VARIABLE = YES;
				IPHONEOS_DEPLOYMENT_TARGET = 11.4;
				MTL_ENABLE_DEBUG_INFO = YES;
				ONLY_ACTIVE_ARCH = YES;
				SDKROOT = iphoneos;
				SWIFT_ACTIVE_COMPILATION_CONDITIONS = DEBUG;
				SWIFT_OPTIMIZATION_LEVEL = "-Onone";
			};
			name = Debug;
		};
		CD2B4D3320EBDC9000978F09 /* Release */ = {
			isa = XCBuildConfiguration;
			buildSettings = {
				ALWAYS_SEARCH_USER_PATHS = NO;
				CLANG_ANALYZER_NONNULL = YES;
				CLANG_ANALYZER_NUMBER_OBJECT_CONVERSION = YES_AGGRESSIVE;
				CLANG_CXX_LANGUAGE_STANDARD = "gnu++14";
				CLANG_CXX_LIBRARY = "libc++";
				CLANG_ENABLE_MODULES = YES;
				CLANG_ENABLE_OBJC_ARC = YES;
				CLANG_ENABLE_OBJC_WEAK = YES;
				CLANG_WARN_BLOCK_CAPTURE_AUTORELEASING = YES;
				CLANG_WARN_BOOL_CONVERSION = YES;
				CLANG_WARN_COMMA = YES;
				CLANG_WARN_CONSTANT_CONVERSION = YES;
				CLANG_WARN_DEPRECATED_OBJC_IMPLEMENTATIONS = YES;
				CLANG_WARN_DIRECT_OBJC_ISA_USAGE = YES_ERROR;
				CLANG_WARN_DOCUMENTATION_COMMENTS = YES;
				CLANG_WARN_EMPTY_BODY = YES;
				CLANG_WARN_ENUM_CONVERSION = YES;
				CLANG_WARN_INFINITE_RECURSION = YES;
				CLANG_WARN_INT_CONVERSION = YES;
				CLANG_WARN_NON_LITERAL_NULL_CONVERSION = YES;
				CLANG_WARN_OBJC_IMPLICIT_RETAIN_SELF = YES;
				CLANG_WARN_OBJC_LITERAL_CONVERSION = YES;
				CLANG_WARN_OBJC_ROOT_CLASS = YES_ERROR;
				CLANG_WARN_RANGE_LOOP_ANALYSIS = YES;
				CLANG_WARN_STRICT_PROTOTYPES = YES;
				CLANG_WARN_SUSPICIOUS_MOVE = YES;
				CLANG_WARN_UNGUARDED_AVAILABILITY = YES_AGGRESSIVE;
				CLANG_WARN_UNREACHABLE_CODE = YES;
				CLANG_WARN__DUPLICATE_METHOD_MATCH = YES;
				CODE_SIGN_IDENTITY = "iPhone Developer";
				COPY_PHASE_STRIP = NO;
				DEBUG_INFORMATION_FORMAT = "dwarf-with-dsym";
				ENABLE_NS_ASSERTIONS = NO;
				ENABLE_STRICT_OBJC_MSGSEND = YES;
				GCC_C_LANGUAGE_STANDARD = gnu11;
				GCC_NO_COMMON_BLOCKS = YES;
				GCC_WARN_64_TO_32_BIT_CONVERSION = YES;
				GCC_WARN_ABOUT_RETURN_TYPE = YES_ERROR;
				GCC_WARN_UNDECLARED_SELECTOR = YES;
				GCC_WARN_UNINITIALIZED_AUTOS = YES_AGGRESSIVE;
				GCC_WARN_UNUSED_FUNCTION = YES;
				GCC_WARN_UNUSED_VARIABLE = YES;
				IPHONEOS_DEPLOYMENT_TARGET = 11.4;
				MTL_ENABLE_DEBUG_INFO = NO;
				SDKROOT = iphoneos;
				SWIFT_COMPILATION_MODE = wholemodule;
				SWIFT_OPTIMIZATION_LEVEL = "-O";
				VALIDATE_PRODUCT = YES;
			};
			name = Release;
		};
		CD2B4D3520EBDC9000978F09 /* Debug */ = {
			isa = XCBuildConfiguration;
			buildSettings = {
				ASSETCATALOG_COMPILER_APPICON_NAME = AppIcon;
				CODE_SIGN_STYLE = Automatic;
				INFOPLIST_FILE = WindowShopper/Info.plist;
				IPHONEOS_DEPLOYMENT_TARGET = 11.4;
				LD_RUNPATH_SEARCH_PATHS = (
					"$(inherited)",
					"@executable_path/Frameworks",
				);
				PRODUCT_BUNDLE_IDENTIFIER = com.UpscaleApps.WindowShopper;
				PRODUCT_NAME = "$(TARGET_NAME)";
				SWIFT_VERSION = 4.0;
				TARGETED_DEVICE_FAMILY = "1,2";
			};
			name = Debug;
		};
		CD2B4D3620EBDC9000978F09 /* Release */ = {
			isa = XCBuildConfiguration;
			buildSettings = {
				ASSETCATALOG_COMPILER_APPICON_NAME = AppIcon;
				CODE_SIGN_STYLE = Automatic;
				INFOPLIST_FILE = WindowShopper/Info.plist;
				IPHONEOS_DEPLOYMENT_TARGET = 11.4;
				LD_RUNPATH_SEARCH_PATHS = (
					"$(inherited)",
					"@executable_path/Frameworks",
				);
				PRODUCT_BUNDLE_IDENTIFIER = com.UpscaleApps.WindowShopper;
				PRODUCT_NAME = "$(TARGET_NAME)";
				SWIFT_VERSION = 4.0;
				TARGETED_DEVICE_FAMILY = "1,2";
			};
			name = Release;
		};
		CD2B4D4820EBECEF00978F09 /* Debug */ = {
			isa = XCBuildConfiguration;
			buildSettings = {
				BUNDLE_LOADER = "$(TEST_HOST)";
				CODE_SIGN_STYLE = Automatic;
				INFOPLIST_FILE = WindowShopperTests/Info.plist;
				LD_RUNPATH_SEARCH_PATHS = (
					"$(inherited)",
					"@executable_path/Frameworks",
					"@loader_path/Frameworks",
				);
				PRODUCT_BUNDLE_IDENTIFIER = com.UpscaleApps.WindowShopperTests;
				PRODUCT_NAME = "$(TARGET_NAME)";
				SWIFT_VERSION = 4.0;
				TARGETED_DEVICE_FAMILY = "1,2";
				TEST_HOST = "$(BUILT_PRODUCTS_DIR)/WindowShopper.app/WindowShopper";
			};
			name = Debug;
		};
		CD2B4D4920EBECEF00978F09 /* Release */ = {
			isa = XCBuildConfiguration;
			buildSettings = {
				BUNDLE_LOADER = "$(TEST_HOST)";
				CODE_SIGN_STYLE = Automatic;
				INFOPLIST_FILE = WindowShopperTests/Info.plist;
				LD_RUNPATH_SEARCH_PATHS = (
					"$(inherited)",
					"@executable_path/Frameworks",
					"@loader_path/Frameworks",
				);
				PRODUCT_BUNDLE_IDENTIFIER = com.UpscaleApps.WindowShopperTests;
				PRODUCT_NAME = "$(TARGET_NAME)";
				SWIFT_VERSION = 4.0;
				TARGETED_DEVICE_FAMILY = "1,2";
				TEST_HOST = "$(BUILT_PRODUCTS_DIR)/WindowShopper.app/WindowShopper";
			};
			name = Release;
		};
/* End XCBuildConfiguration section */

/* Begin XCConfigurationList section */
		CD2B4D1D20EBDC8E00978F09 /* Build configuration list for PBXProject "WindowShopper" */ = {
			isa = XCConfigurationList;
			buildConfigurations = (
				CD2B4D3220EBDC9000978F09 /* Debug */,
				CD2B4D3320EBDC9000978F09 /* Release */,
			);
			defaultConfigurationIsVisible = 0;
			defaultConfigurationName = Release;
		};
		CD2B4D3420EBDC9000978F09 /* Build configuration list for PBXNativeTarget "WindowShopper" */ = {
			isa = XCConfigurationList;
			buildConfigurations = (
				CD2B4D3520EBDC9000978F09 /* Debug */,
				CD2B4D3620EBDC9000978F09 /* Release */,
			);
			defaultConfigurationIsVisible = 0;
			defaultConfigurationName = Release;
		};
		CD2B4D4720EBECEF00978F09 /* Build configuration list for PBXNativeTarget "WindowShopperTests" */ = {
			isa = XCConfigurationList;
			buildConfigurations = (
				CD2B4D4820EBECEF00978F09 /* Debug */,
				CD2B4D4920EBECEF00978F09 /* Release */,
			);
			defaultConfigurationIsVisible = 0;
			defaultConfigurationName = Release;
		};
/* End XCConfigurationList section */
	};
	rootObject = CD2B4D1A20EBDC8E00978F09 /* Project object */;
}
